
Microsoft Visual Studio Solution File, Format Version 12.00
# Visual Studio Version 16
VisualStudioVersion = 16.0.31911.196
MinimumVisualStudioVersion = 10.0.40219.1
Project("{FAE04EC0-301F-11D3-BF4B-00C04F79EFBC}") = "Entities", "Entities\Entities.csproj", "{5944DFB6-5883-4730-8E68-5860C944ABDF}"
EndProject
Project("{FAE04EC0-301F-11D3-BF4B-00C04F79EFBC}") = "DataAccess", "DataAccess\DataAccess.csproj", "{77C8B9F8-F647-4621-A7A6-CC3ACE8B1F07}"
EndProject
Project("{FAE04EC0-301F-11D3-BF4B-00C04F79EFBC}") = "Business", "Business\Business.csproj", "{E213DAE2-D183-4926-A69B-B1D89A56C90F}"
EndProject
Project("{FAE04EC0-301F-11D3-BF4B-00C04F79EFBC}") = "WebUI", "WebUI\WebUI.csproj", "{70B5434F-7943-4F6D-9FDB-D8D77B0376C1}"
EndProject
Global
	GlobalSection(SolutionConfigurationPlatforms) = preSolution
		Debug|Any CPU = Debug|Any CPU
		Release|Any CPU = Release|Any CPU
	EndGlobalSection
	GlobalSection(ProjectConfigurationPlatforms) = postSolution
		{5944DFB6-5883-4730-8E68-5860C944ABDF}.Debug|Any CPU.ActiveCfg = Debug|Any CPU
		{5944DFB6-5883-4730-8E68-5860C944ABDF}.Debug|Any CPU.Build.0 = Debug|Any CPU
		{5944DFB6-5883-4730-8E68-5860C944ABDF}.Release|Any CPU.ActiveCfg = Release|Any CPU
		{5944DFB6-5883-4730-8E68-5860C944ABDF}.Release|Any CPU.Build.0 = Release|Any CPU
		{77C8B9F8-F647-4621-A7A6-CC3ACE8B1F07}.Debug|Any CPU.ActiveCfg = Debug|Any CPU
		{77C8B9F8-F647-4621-A7A6-CC3ACE8B1F07}.Debug|Any CPU.Build.0 = Debug|Any CPU
		{77C8B9F8-F647-4621-A7A6-CC3ACE8B1F07}.Release|Any CPU.ActiveCfg = Release|Any CPU
		{77C8B9F8-F647-4621-A7A6-CC3ACE8B1F07}.Release|Any CPU.Build.0 = Release|Any CPU
		{E213DAE2-D183-4926-A69B-B1D89A56C90F}.Debug|Any CPU.ActiveCfg = Debug|Any CPU
		{E213DAE2-D183-4926-A69B-B1D89A56C90F}.Debug|Any CPU.Build.0 = Debug|Any CPU
		{E213DAE2-D183-4926-A69B-B1D89A56C90F}.Release|Any CPU.ActiveCfg = Release|Any CPU
		{E213DAE2-D183-4926-A69B-B1D89A56C90F}.Release|Any CPU.Build.0 = Release|Any CPU
		{70B5434F-7943-4F6D-9FDB-D8D77B0376C1}.Debug|Any CPU.ActiveCfg = Debug|Any CPU
		{70B5434F-7943-4F6D-9FDB-D8D77B0376C1}.Debug|Any CPU.Build.0 = Debug|Any CPU
		{70B5434F-7943-4F6D-9FDB-D8D77B0376C1}.Release|Any CPU.ActiveCfg = Release|Any CPU
		{70B5434F-7943-4F6D-9FDB-D8D77B0376C1}.Release|Any CPU.Build.0 = Release|Any CPU
	EndGlobalSection
	GlobalSection(SolutionProperties) = preSolution
		HideSolutionNode = FALSE
	EndGlobalSection
	GlobalSection(ExtensibilityGlobals) = postSolution
		SolutionGuid = {3BBF5EFA-D6FC-4C5A-A3D1-5ADB7225105E}
	EndGlobalSection
EndGlobal
